{
  "originHash" : "d207411df73944e1edffa9dc47354ba725953ade7f59956525da111de3451c6d",
  "pins" : [
    {
      "identity" : "serializedswift",
      "kind" : "remoteSourceControl",
      "location" : "https://github.com/dejanskledar/SerializedSwift",
      "state" : {
        "revision" : "9ed26f1561156c42374280ebdbf92bf5327bc8b5",
        "version" : "0.2.0"
      }
    }
  ],
  "version" : 3
}
