// !$*UTF8*$!
{
	archiveVersion = 1;
	classes = {
	};
	objectVersion = 56;
	objects = {

/* Begin PBXBuildFile section */
		2A04820F2C37F772004AA570 /* RatingTable.swift in Sources */ = {isa = PBXBuildFile; fileRef = 2A04820E2C37F772004AA570 /* RatingTable.swift */; };
		2A4CD3FF2C1C88370020CD42 /* TextTagView.swift in Sources */ = {isa = PBXBuildFile; fileRef = 2A4CD3FE2C1C88370020CD42 /* TextTagView.swift */; };
		2A87C8DB2C2D9A41005F4FC8 /* Alamofire in Frameworks */ = {isa = PBXBuildFile; productRef = 2A87C8DA2C2D9A41005F4FC8 /* Alamofire */; };
		2A87C8DE2C2D9A4E005F4FC8 /* VKID in Frameworks */ = {isa = PBXBuildFile; productRef = 2A87C8DD2C2D9A4E005F4FC8 /* VKID */; };
		2A87C8E02C2D9A4E005F4FC8 /* VKIDCore in Frameworks */ = {isa = PBXBuildFile; productRef = 2A87C8DF2C2D9A4E005F4FC8 /* VKIDCore */; };
		2A87C8E82C2D9AB2005F4FC8 /* VKLoginResponse.swift in Sources */ = {isa = PBXBuildFile; fileRef = 2A87C8E72C2D9AB2005F4FC8 /* VKLoginResponse.swift */; };
		2A87C8EA2C2D9AC5005F4FC8 /* VKLoginRequest.swift in Sources */ = {isa = PBXBuildFile; fileRef = 2A87C8E92C2D9AC5005F4FC8 /* VKLoginRequest.swift */; };
		2A87C8EC2C2D9AE0005F4FC8 /* VKIDAuthButton.swift in Sources */ = {isa = PBXBuildFile; fileRef = 2A87C8EB2C2D9AE0005F4FC8 /* VKIDAuthButton.swift */; };
		2A87C8EE2C2D9AF7005F4FC8 /* VKLoginViewModel.swift in Sources */ = {isa = PBXBuildFile; fileRef = 2A87C8ED2C2D9AF7005F4FC8 /* VKLoginViewModel.swift */; };
		2A87C8F02C2D9B41005F4FC8 /* VKLoginModel.swift in Sources */ = {isa = PBXBuildFile; fileRef = 2A87C8EF2C2D9B41005F4FC8 /* VKLoginModel.swift */; };
		C379F77A2C12452C0016E690 /* SwiftUIPracticeApp.swift in Sources */ = {isa = PBXBuildFile; fileRef = C379F7792C12452C0016E690 /* SwiftUIPracticeApp.swift */; };
		C379F77C2C12452C0016E690 /* ContentView.swift in Sources */ = {isa = PBXBuildFile; fileRef = C379F77B2C12452C0016E690 /* ContentView.swift */; };
		C379F77E2C12452E0016E690 /* Assets.xcassets in Resources */ = {isa = PBXBuildFile; fileRef = C379F77D2C12452E0016E690 /* Assets.xcassets */; };
		C379F7812C12452E0016E690 /* Preview Assets.xcassets in Resources */ = {isa = PBXBuildFile; fileRef = C379F7802C12452E0016E690 /* Preview Assets.xcassets */; };
		C379F78A2C1248B00016E690 /* ImageWrapperView.swift in Sources */ = {isa = PBXBuildFile; fileRef = C379F7892C1248B00016E690 /* ImageWrapperView.swift */; };
		C379F7FC2C19F8D80016E690 /* API_root_class.swift in Sources */ = {isa = PBXBuildFile; fileRef = C379F7FB2C19F8D80016E690 /* API_root_class.swift */; };
		C379F7FE2C19F90B0016E690 /* MainResponseClass.swift in Sources */ = {isa = PBXBuildFile; fileRef = C379F7FD2C19F90B0016E690 /* MainResponseClass.swift */; };
		C379F8002C19F91D0016E690 /* MainRequestClass.swift in Sources */ = {isa = PBXBuildFile; fileRef = C379F7FF2C19F91D0016E690 /* MainRequestClass.swift */; };
		C379F8022C19F9380016E690 /* ConfigData.swift in Sources */ = {isa = PBXBuildFile; fileRef = C379F8012C19F9380016E690 /* ConfigData.swift */; };
		C379F8052C19FA530016E690 /* SerializedSwift in Frameworks */ = {isa = PBXBuildFile; productRef = C379F8042C19FA530016E690 /* SerializedSwift */; };
/* End PBXBuildFile section */

/* Begin PBXFileReference section */
		2A04820E2C37F772004AA570 /* RatingTable.swift */ = {isa = PBXFileReference; lastKnownFileType = sourcecode.swift; path = RatingTable.swift; sourceTree = "<group>"; };
		2A4CD3FE2C1C88370020CD42 /* TextTagView.swift */ = {isa = PBXFileReference; lastKnownFileType = sourcecode.swift; path = TextTagView.swift; sourceTree = "<group>"; };
		2A87C8E72C2D9AB2005F4FC8 /* VKLoginResponse.swift */ = {isa = PBXFileReference; lastKnownFileType = sourcecode.swift; path = VKLoginResponse.swift; sourceTree = "<group>"; };
		2A87C8E92C2D9AC5005F4FC8 /* VKLoginRequest.swift */ = {isa = PBXFileReference; lastKnownFileType = sourcecode.swift; path = VKLoginRequest.swift; sourceTree = "<group>"; };
		2A87C8EB2C2D9AE0005F4FC8 /* VKIDAuthButton.swift */ = {isa = PBXFileReference; lastKnownFileType = sourcecode.swift; path = VKIDAuthButton.swift; sourceTree = "<group>"; };
		2A87C8ED2C2D9AF7005F4FC8 /* VKLoginViewModel.swift */ = {isa = PBXFileReference; lastKnownFileType = sourcecode.swift; path = VKLoginViewModel.swift; sourceTree = "<group>"; };
		2A87C8EF2C2D9B41005F4FC8 /* VKLoginModel.swift */ = {isa = PBXFileReference; lastKnownFileType = sourcecode.swift; path = VKLoginModel.swift; sourceTree = "<group>"; };
		C379F7762C12452C0016E690 /* SwiftUIPractice.app */ = {isa = PBXFileReference; explicitFileType = wrapper.application; includeInIndex = 0; path = SwiftUIPractice.app; sourceTree = BUILT_PRODUCTS_DIR; };
		C379F7792C12452C0016E690 /* SwiftUIPracticeApp.swift */ = {isa = PBXFileReference; lastKnownFileType = sourcecode.swift; path = SwiftUIPracticeApp.swift; sourceTree = "<group>"; };
		C379F77B2C12452C0016E690 /* ContentView.swift */ = {isa = PBXFileReference; lastKnownFileType = sourcecode.swift; path = ContentView.swift; sourceTree = "<group>"; };
		C379F77D2C12452E0016E690 /* Assets.xcassets */ = {isa = PBXFileReference; lastKnownFileType = folder.assetcatalog; path = Assets.xcassets; sourceTree = "<group>"; };
		C379F7802C12452E0016E690 /* Preview Assets.xcassets */ = {isa = PBXFileReference; lastKnownFileType = folder.assetcatalog; path = "Preview Assets.xcassets"; sourceTree = "<group>"; };
		C379F7892C1248B00016E690 /* ImageWrapperView.swift */ = {isa = PBXFileReference; lastKnownFileType = sourcecode.swift; path = ImageWrapperView.swift; sourceTree = "<group>"; };
		C379F7FB2C19F8D80016E690 /* API_root_class.swift */ = {isa = PBXFileReference; lastKnownFileType = sourcecode.swift; path = API_root_class.swift; sourceTree = "<group>"; };
		C379F7FD2C19F90B0016E690 /* MainResponseClass.swift */ = {isa = PBXFileReference; lastKnownFileType = sourcecode.swift; path = MainResponseClass.swift; sourceTree = "<group>"; };
		C379F7FF2C19F91D0016E690 /* MainRequestClass.swift */ = {isa = PBXFileReference; lastKnownFileType = sourcecode.swift; path = MainRequestClass.swift; sourceTree = "<group>"; };
		C379F8012C19F9380016E690 /* ConfigData.swift */ = {isa = PBXFileReference; lastKnownFileType = sourcecode.swift; path = ConfigData.swift; sourceTree = "<group>"; };
/* End PBXFileReference section */

/* Begin PBXFrameworksBuildPhase section */
		C379F7732C12452C0016E690 /* Frameworks */ = {
			isa = PBXFrameworksBuildPhase;
			buildActionMask = 2147483647;
			files = (
				C379F8052C19FA530016E690 /* SerializedSwift in Frameworks */,
				2A87C8DE2C2D9A4E005F4FC8 /* VKID in Frameworks */,
				2A87C8DB2C2D9A41005F4FC8 /* Alamofire in Frameworks */,
				2A87C8E02C2D9A4E005F4FC8 /* VKIDCore in Frameworks */,
			);
			runOnlyForDeploymentPostprocessing = 0;
		};
/* End PBXFrameworksBuildPhase section */

/* Begin PBXGroup section */
		2A87C8E12C2D9A6E005F4FC8 /* Modules */ = {
			isa = PBXGroup;
			children = (
				2A87C8E22C2D9A79005F4FC8 /* VKLoginScreen */,
			);
			path = Modules;
			sourceTree = "<group>";
		};
		2A87C8E22C2D9A79005F4FC8 /* VKLoginScreen */ = {
			isa = PBXGroup;
			children = (
				2A87C8E62C2D9A96005F4FC8 /* Views */,
				2A87C8E52C2D9A90005F4FC8 /* ViewModels */,
				2A87C8E42C2D9A8C005F4FC8 /* Models */,
				2A87C8E32C2D9A87005F4FC8 /* API */,
			);
			path = VKLoginScreen;
			sourceTree = "<group>";
		};
		2A87C8E32C2D9A87005F4FC8 /* API */ = {
			isa = PBXGroup;
			children = (
				2A87C8E72C2D9AB2005F4FC8 /* VKLoginResponse.swift */,
				2A87C8E92C2D9AC5005F4FC8 /* VKLoginRequest.swift */,
			);
			path = API;
			sourceTree = "<group>";
		};
		2A87C8E42C2D9A8C005F4FC8 /* Models */ = {
			isa = PBXGroup;
			children = (
				2A87C8EF2C2D9B41005F4FC8 /* VKLoginModel.swift */,
			);
			path = Models;
			sourceTree = "<group>";
		};
		2A87C8E52C2D9A90005F4FC8 /* ViewModels */ = {
			isa = PBXGroup;
			children = (
				2A87C8ED2C2D9AF7005F4FC8 /* VKLoginViewModel.swift */,
			);
			path = ViewModels;
			sourceTree = "<group>";
		};
		2A87C8E62C2D9A96005F4FC8 /* Views */ = {
			isa = PBXGroup;
			children = (
			);
			path = Views;
			sourceTree = "<group>";
		};
		C379F76D2C12452C0016E690 = {
			isa = PBXGroup;
			children = (
				C379F7782C12452C0016E690 /* SwiftUIPractice */,
				C379F7772C12452C0016E690 /* Products */,
			);
			sourceTree = "<group>";
		};
		C379F7772C12452C0016E690 /* Products */ = {
			isa = PBXGroup;
			children = (
				C379F7762C12452C0016E690 /* SwiftUIPractice.app */,
			);
			name = Products;
			sourceTree = "<group>";
		};
		C379F7782C12452C0016E690 /* SwiftUIPractice */ = {
			isa = PBXGroup;
			children = (
				2A87C8E12C2D9A6E005F4FC8 /* Modules */,
				C379F7FA2C19F8C80016E690 /* API */,
				C379F7872C1248010016E690 /* Components */,
				C379F7792C12452C0016E690 /* SwiftUIPracticeApp.swift */,
				C379F77B2C12452C0016E690 /* ContentView.swift */,
				C379F77D2C12452E0016E690 /* Assets.xcassets */,
				C379F77F2C12452E0016E690 /* Preview Content */,
				C379F8012C19F9380016E690 /* ConfigData.swift */,
			);
			path = SwiftUIPractice;
			sourceTree = "<group>";
		};
		C379F77F2C12452E0016E690 /* Preview Content */ = {
			isa = PBXGroup;
			children = (
				C379F7802C12452E0016E690 /* Preview Assets.xcassets */,
			);
			path = "Preview Content";
			sourceTree = "<group>";
		};
		C379F7872C1248010016E690 /* Components */ = {
			isa = PBXGroup;
			children = (
				2A87C8EB2C2D9AE0005F4FC8 /* VKIDAuthButton.swift */,
				C379F7892C1248B00016E690 /* ImageWrapperView.swift */,
				2A4CD3FE2C1C88370020CD42 /* TextTagView.swift */,
				2A04820E2C37F772004AA570 /* RatingTable.swift */,
			);
			path = Components;
			sourceTree = "<group>";
		};
		C379F7FA2C19F8C80016E690 /* API */ = {
			isa = PBXGroup;
			children = (
				C379F7FB2C19F8D80016E690 /* API_root_class.swift */,
				C379F7FD2C19F90B0016E690 /* MainResponseClass.swift */,
				C379F7FF2C19F91D0016E690 /* MainRequestClass.swift */,
			);
			path = API;
			sourceTree = "<group>";
		};
/* End PBXGroup section */

/* Begin PBXNativeTarget section */
		C379F7752C12452C0016E690 /* SwiftUIPractice */ = {
			isa = PBXNativeTarget;
			buildConfigurationList = C379F7842C12452E0016E690 /* Build configuration list for PBXNativeTarget "SwiftUIPractice" */;
			buildPhases = (
				C379F7722C12452C0016E690 /* Sources */,
				C379F7732C12452C0016E690 /* Frameworks */,
				C379F7742C12452C0016E690 /* Resources */,
			);
			buildRules = (
			);
			dependencies = (
			);
			name = SwiftUIPractice;
			packageProductDependencies = (
				C379F8042C19FA530016E690 /* SerializedSwift */,
				2A87C8DA2C2D9A41005F4FC8 /* Alamofire */,
				2A87C8DD2C2D9A4E005F4FC8 /* VKID */,
				2A87C8DF2C2D9A4E005F4FC8 /* VKIDCore */,
			);
			productName = SwiftUIPractice;
			productReference = C379F7762C12452C0016E690 /* SwiftUIPractice.app */;
			productType = "com.apple.product-type.application";
		};
/* End PBXNativeTarget section */

/* Begin PBXProject section */
		C379F76E2C12452C0016E690 /* Project object */ = {
			isa = PBXProject;
			attributes = {
				BuildIndependentTargetsInParallel = 1;
				LastSwiftUpdateCheck = 1540;
				LastUpgradeCheck = 1540;
				TargetAttributes = {
					C379F7752C12452C0016E690 = {
						CreatedOnToolsVersion = 15.4;
					};
				};
			};
			buildConfigurationList = C379F7712C12452C0016E690 /* Build configuration list for PBXProject "SwiftUIPractice" */;
			compatibilityVersion = "Xcode 14.0";
			developmentRegion = en;
			hasScannedForEncodings = 0;
			knownRegions = (
				en,
				Base,
			);
			mainGroup = C379F76D2C12452C0016E690;
			packageReferences = (
				C379F8032C19FA530016E690 /* XCRemoteSwiftPackageReference "SerializedSwift" */,
				2A87C8D92C2D9A41005F4FC8 /* XCRemoteSwiftPackageReference "Alamofire" */,
				2A87C8DC2C2D9A4E005F4FC8 /* XCRemoteSwiftPackageReference "vkid-ios-sdk" */,
			);
			productRefGroup = C379F7772C12452C0016E690 /* Products */;
			projectDirPath = "";
			projectRoot = "";
			targets = (
				C379F7752C12452C0016E690 /* SwiftUIPractice */,
			);
		};
/* End PBXProject section */

/* Begin PBXResourcesBuildPhase section */
		C379F7742C12452C0016E690 /* Resources */ = {
			isa = PBXResourcesBuildPhase;
			buildActionMask = 2147483647;
			files = (
				C379F7812C12452E0016E690 /* Preview Assets.xcassets in Resources */,
				C379F77E2C12452E0016E690 /* Assets.xcassets in Resources */,
			);
			runOnlyForDeploymentPostprocessing = 0;
		};
/* End PBXResourcesBuildPhase section */

/* Begin PBXSourcesBuildPhase section */
		C379F7722C12452C0016E690 /* Sources */ = {
			isa = PBXSourcesBuildPhase;
			buildActionMask = 2147483647;
			files = (
				2A4CD3FF2C1C88370020CD42 /* TextTagView.swift in Sources */,
				C379F77C2C12452C0016E690 /* ContentView.swift in Sources */,
				2A87C8EA2C2D9AC5005F4FC8 /* VKLoginRequest.swift in Sources */,
				2A87C8EE2C2D9AF7005F4FC8 /* VKLoginViewModel.swift in Sources */,
				C379F7FC2C19F8D80016E690 /* API_root_class.swift in Sources */,
				2A87C8EC2C2D9AE0005F4FC8 /* VKIDAuthButton.swift in Sources */,
				2A87C8E82C2D9AB2005F4FC8 /* VKLoginResponse.swift in Sources */,
				C379F8022C19F9380016E690 /* ConfigData.swift in Sources */,
				C379F78A2C1248B00016E690 /* ImageWrapperView.swift in Sources */,
				C379F7FE2C19F90B0016E690 /* MainResponseClass.swift in Sources */,
				2A87C8F02C2D9B41005F4FC8 /* VKLoginModel.swift in Sources */,
				C379F77A2C12452C0016E690 /* SwiftUIPracticeApp.swift in Sources */,
				C379F8002C19F91D0016E690 /* MainRequestClass.swift in Sources */,
				2A04820F2C37F772004AA570 /* RatingTable.swift in Sources */,
			);
			runOnlyForDeploymentPostprocessing = 0;
		};
/* End PBXSourcesBuildPhase section */

/* Begin XCBuildConfiguration section */
		C379F7822C12452E0016E690 /* Debug */ = {
			isa = XCBuildConfiguration;
			buildSettings = {
				ALWAYS_SEARCH_USER_PATHS = NO;
				ASSETCATALOG_COMPILER_GENERATE_SWIFT_ASSET_SYMBOL_EXTENSIONS = YES;
				CLANG_ANALYZER_NONNULL = YES;
				CLANG_ANALYZER_NUMBER_OBJECT_CONVERSION = YES_AGGRESSIVE;
				CLANG_CXX_LANGUAGE_STANDARD = "gnu++20";
				CLANG_ENABLE_MODULES = YES;
				CLANG_ENABLE_OBJC_ARC = YES;
				CLANG_ENABLE_OBJC_WEAK = YES;
				CLANG_WARN_BLOCK_CAPTURE_AUTORELEASING = YES;
				CLANG_WARN_BOOL_CONVERSION = YES;
				CLANG_WARN_COMMA = YES;
				CLANG_WARN_CONSTANT_CONVERSION = YES;
				CLANG_WARN_DEPRECATED_OBJC_IMPLEMENTATIONS = YES;
				CLANG_WARN_DIRECT_OBJC_ISA_USAGE = YES_ERROR;
				CLANG_WARN_DOCUMENTATION_COMMENTS = YES;
				CLANG_WARN_EMPTY_BODY = YES;
				CLANG_WARN_ENUM_CONVERSION = YES;
				CLANG_WARN_INFINITE_RECURSION = YES;
				CLANG_WARN_INT_CONVERSION = YES;
				CLANG_WARN_NON_LITERAL_NULL_CONVERSION = YES;
				CLANG_WARN_OBJC_IMPLICIT_RETAIN_SELF = YES;
				CLANG_WARN_OBJC_LITERAL_CONVERSION = YES;
				CLANG_WARN_OBJC_ROOT_CLASS = YES_ERROR;
				CLANG_WARN_QUOTED_INCLUDE_IN_FRAMEWORK_HEADER = YES;
				CLANG_WARN_RANGE_LOOP_ANALYSIS = YES;
				CLANG_WARN_STRICT_PROTOTYPES = YES;
				CLANG_WARN_SUSPICIOUS_MOVE = YES;
				CLANG_WARN_UNGUARDED_AVAILABILITY = YES_AGGRESSIVE;
				CLANG_WARN_UNREACHABLE_CODE = YES;
				CLANG_WARN__DUPLICATE_METHOD_MATCH = YES;
				COPY_PHASE_STRIP = NO;
				DEBUG_INFORMATION_FORMAT = dwarf;
				ENABLE_STRICT_OBJC_MSGSEND = YES;
				ENABLE_TESTABILITY = YES;
				ENABLE_USER_SCRIPT_SANDBOXING = YES;
				GCC_C_LANGUAGE_STANDARD = gnu17;
				GCC_DYNAMIC_NO_PIC = NO;
				GCC_NO_COMMON_BLOCKS = YES;
				GCC_OPTIMIZATION_LEVEL = 0;
				GCC_PREPROCESSOR_DEFINITIONS = (
					"DEBUG=1",
					"$(inherited)",
				);
				GCC_WARN_64_TO_32_BIT_CONVERSION = YES;
				GCC_WARN_ABOUT_RETURN_TYPE = YES_ERROR;
				GCC_WARN_UNDECLARED_SELECTOR = YES;
				GCC_WARN_UNINITIALIZED_AUTOS = YES_AGGRESSIVE;
				GCC_WARN_UNUSED_FUNCTION = YES;
				GCC_WARN_UNUSED_VARIABLE = YES;
				IPHONEOS_DEPLOYMENT_TARGET = 17.5;
				LOCALIZATION_PREFERS_STRING_CATALOGS = YES;
				MTL_ENABLE_DEBUG_INFO = INCLUDE_SOURCE;
				MTL_FAST_MATH = YES;
				ONLY_ACTIVE_ARCH = YES;
				SDKROOT = iphoneos;
				SWIFT_ACTIVE_COMPILATION_CONDITIONS = "DEBUG $(inherited)";
				SWIFT_OPTIMIZATION_LEVEL = "-Onone";
			};
			name = Debug;
		};
		C379F7832C12452E0016E690 /* Release */ = {
			isa = XCBuildConfiguration;
			buildSettings = {
				ALWAYS_SEARCH_USER_PATHS = NO;
				ASSETCATALOG_COMPILER_GENERATE_SWIFT_ASSET_SYMBOL_EXTENSIONS = YES;
				CLANG_ANALYZER_NONNULL = YES;
				CLANG_ANALYZER_NUMBER_OBJECT_CONVERSION = YES_AGGRESSIVE;
				CLANG_CXX_LANGUAGE_STANDARD = "gnu++20";
				CLANG_ENABLE_MODULES = YES;
				CLANG_ENABLE_OBJC_ARC = YES;
				CLANG_ENABLE_OBJC_WEAK = YES;
				CLANG_WARN_BLOCK_CAPTURE_AUTORELEASING = YES;
				CLANG_WARN_BOOL_CONVERSION = YES;
				CLANG_WARN_COMMA = YES;
				CLANG_WARN_CONSTANT_CONVERSION = YES;
				CLANG_WARN_DEPRECATED_OBJC_IMPLEMENTATIONS = YES;
				CLANG_WARN_DIRECT_OBJC_ISA_USAGE = YES_ERROR;
				CLANG_WARN_DOCUMENTATION_COMMENTS = YES;
				CLANG_WARN_EMPTY_BODY = YES;
				CLANG_WARN_ENUM_CONVERSION = YES;
				CLANG_WARN_INFINITE_RECURSION = YES;
				CLANG_WARN_INT_CONVERSION = YES;
				CLANG_WARN_NON_LITERAL_NULL_CONVERSION = YES;
				CLANG_WARN_OBJC_IMPLICIT_RETAIN_SELF = YES;
				CLANG_WARN_OBJC_LITERAL_CONVERSION = YES;
				CLANG_WARN_OBJC_ROOT_CLASS = YES_ERROR;
				CLANG_WARN_QUOTED_INCLUDE_IN_FRAMEWORK_HEADER = YES;
				CLANG_WARN_RANGE_LOOP_ANALYSIS = YES;
				CLANG_WARN_STRICT_PROTOTYPES = YES;
				CLANG_WARN_SUSPICIOUS_MOVE = YES;
				CLANG_WARN_UNGUARDED_AVAILABILITY = YES_AGGRESSIVE;
				CLANG_WARN_UNREACHABLE_CODE = YES;
				CLANG_WARN__DUPLICATE_METHOD_MATCH = YES;
				COPY_PHASE_STRIP = NO;
				DEBUG_INFORMATION_FORMAT = "dwarf-with-dsym";
				ENABLE_NS_ASSERTIONS = NO;
				ENABLE_STRICT_OBJC_MSGSEND = YES;
				ENABLE_USER_SCRIPT_SANDBOXING = YES;
				GCC_C_LANGUAGE_STANDARD = gnu17;
				GCC_NO_COMMON_BLOCKS = YES;
				GCC_WARN_64_TO_32_BIT_CONVERSION = YES;
				GCC_WARN_ABOUT_RETURN_TYPE = YES_ERROR;
				GCC_WARN_UNDECLARED_SELECTOR = YES;
				GCC_WARN_UNINITIALIZED_AUTOS = YES_AGGRESSIVE;
				GCC_WARN_UNUSED_FUNCTION = YES;
				GCC_WARN_UNUSED_VARIABLE = YES;
				IPHONEOS_DEPLOYMENT_TARGET = 17.5;
				LOCALIZATION_PREFERS_STRING_CATALOGS = YES;
				MTL_ENABLE_DEBUG_INFO = NO;
				MTL_FAST_MATH = YES;
				SDKROOT = iphoneos;
				SWIFT_COMPILATION_MODE = wholemodule;
				VALIDATE_PRODUCT = YES;
			};
			name = Release;
		};
		C379F7852C12452E0016E690 /* Debug */ = {
			isa = XCBuildConfiguration;
			buildSettings = {
				ASSETCATALOG_COMPILER_APPICON_NAME = AppIcon;
				ASSETCATALOG_COMPILER_GLOBAL_ACCENT_COLOR_NAME = AccentColor;
				CODE_SIGN_STYLE = Automatic;
				CURRENT_PROJECT_VERSION = 1;
				DEVELOPMENT_ASSET_PATHS = "\"SwiftUIPractice/Preview Content\"";
				DEVELOPMENT_TEAM = W937SWAWNQ;
				ENABLE_PREVIEWS = YES;
				GENERATE_INFOPLIST_FILE = YES;
				INFOPLIST_KEY_UIApplicationSceneManifest_Generation = YES;
				INFOPLIST_KEY_UIApplicationSupportsIndirectInputEvents = YES;
				INFOPLIST_KEY_UILaunchScreen_Generation = YES;
				INFOPLIST_KEY_UISupportedInterfaceOrientations_iPad = "UIInterfaceOrientationPortrait UIInterfaceOrientationPortraitUpsideDown UIInterfaceOrientationLandscapeLeft UIInterfaceOrientationLandscapeRight";
				INFOPLIST_KEY_UISupportedInterfaceOrientations_iPhone = "UIInterfaceOrientationPortrait UIInterfaceOrientationLandscapeLeft UIInterfaceOrientationLandscapeRight";
				IPHONEOS_DEPLOYMENT_TARGET = 15.0;
				LD_RUNPATH_SEARCH_PATHS = (
					"$(inherited)",
					"@executable_path/Frameworks",
				);
				MARKETING_VERSION = 1.0;
				PRODUCT_BUNDLE_IDENTIFIER = com.Kirill.SwiftUIPractice;
				PRODUCT_NAME = "$(TARGET_NAME)";
				SWIFT_EMIT_LOC_STRINGS = YES;
				SWIFT_VERSION = 5.0;
				TARGETED_DEVICE_FAMILY = "1,2";
			};
			name = Debug;
		};
		C379F7862C12452E0016E690 /* Release */ = {
			isa = XCBuildConfiguration;
			buildSettings = {
				ASSETCATALOG_COMPILER_APPICON_NAME = AppIcon;
				ASSETCATALOG_COMPILER_GLOBAL_ACCENT_COLOR_NAME = AccentColor;
				CODE_SIGN_STYLE = Automatic;
				CURRENT_PROJECT_VERSION = 1;
				DEVELOPMENT_ASSET_PATHS = "\"SwiftUIPractice/Preview Content\"";
				DEVELOPMENT_TEAM = W937SWAWNQ;
				ENABLE_PREVIEWS = YES;
				GENERATE_INFOPLIST_FILE = YES;
				INFOPLIST_KEY_UIApplicationSceneManifest_Generation = YES;
				INFOPLIST_KEY_UIApplicationSupportsIndirectInputEvents = YES;
				INFOPLIST_KEY_UILaunchScreen_Generation = YES;
				INFOPLIST_KEY_UISupportedInterfaceOrientations_iPad = "UIInterfaceOrientationPortrait UIInterfaceOrientationPortraitUpsideDown UIInterfaceOrientationLandscapeLeft UIInterfaceOrientationLandscapeRight";
				INFOPLIST_KEY_UISupportedInterfaceOrientations_iPhone = "UIInterfaceOrientationPortrait UIInterfaceOrientationLandscapeLeft UIInterfaceOrientationLandscapeRight";
				IPHONEOS_DEPLOYMENT_TARGET = 15.0;
				LD_RUNPATH_SEARCH_PATHS = (
					"$(inherited)",
					"@executable_path/Frameworks",
				);
				MARKETING_VERSION = 1.0;
				PRODUCT_BUNDLE_IDENTIFIER = com.Kirill.SwiftUIPractice;
				PRODUCT_NAME = "$(TARGET_NAME)";
				SWIFT_EMIT_LOC_STRINGS = YES;
				SWIFT_VERSION = 5.0;
				TARGETED_DEVICE_FAMILY = "1,2";
			};
			name = Release;
		};
/* End XCBuildConfiguration section */

/* Begin XCConfigurationList section */
		C379F7712C12452C0016E690 /* Build configuration list for PBXProject "SwiftUIPractice" */ = {
			isa = XCConfigurationList;
			buildConfigurations = (
				C379F7822C12452E0016E690 /* Debug */,
				C379F7832C12452E0016E690 /* Release */,
			);
			defaultConfigurationIsVisible = 0;
			defaultConfigurationName = Release;
		};
		C379F7842C12452E0016E690 /* Build configuration list for PBXNativeTarget "SwiftUIPractice" */ = {
			isa = XCConfigurationList;
			buildConfigurations = (
				C379F7852C12452E0016E690 /* Debug */,
				C379F7862C12452E0016E690 /* Release */,
			);
			defaultConfigurationIsVisible = 0;
			defaultConfigurationName = Release;
		};
/* End XCConfigurationList section */

/* Begin XCRemoteSwiftPackageReference section */
		2A87C8D92C2D9A41005F4FC8 /* XCRemoteSwiftPackageReference "Alamofire" */ = {
			isa = XCRemoteSwiftPackageReference;
			repositoryURL = "https://github.com/Alamofire/Alamofire";
			requirement = {
				kind = upToNextMajorVersion;
				minimumVersion = 5.9.1;
			};
		};
		2A87C8DC2C2D9A4E005F4FC8 /* XCRemoteSwiftPackageReference "vkid-ios-sdk" */ = {
			isa = XCRemoteSwiftPackageReference;
			repositoryURL = "https://github.com/VKCOM/vkid-ios-sdk.git";
			requirement = {
				kind = upToNextMajorVersion;
				minimumVersion = 2.0.0;
			};
		};
		C379F8032C19FA530016E690 /* XCRemoteSwiftPackageReference "SerializedSwift" */ = {
			isa = XCRemoteSwiftPackageReference;
			repositoryURL = "https://github.com/dejanskledar/SerializedSwift";
			requirement = {
				kind = upToNextMajorVersion;
				minimumVersion = 0.2.0;
			};
		};
/* End XCRemoteSwiftPackageReference section */

/* Begin XCSwiftPackageProductDependency section */
		2A87C8DA2C2D9A41005F4FC8 /* Alamofire */ = {
			isa = XCSwiftPackageProductDependency;
			package = 2A87C8D92C2D9A41005F4FC8 /* XCRemoteSwiftPackageReference "Alamofire" */;
			productName = Alamofire;
		};
		2A87C8DD2C2D9A4E005F4FC8 /* VKID */ = {
			isa = XCSwiftPackageProductDependency;
			package = 2A87C8DC2C2D9A4E005F4FC8 /* XCRemoteSwiftPackageReference "vkid-ios-sdk" */;
			productName = VKID;
		};
		2A87C8DF2C2D9A4E005F4FC8 /* VKIDCore */ = {
			isa = XCSwiftPackageProductDependency;
			package = 2A87C8DC2C2D9A4E005F4FC8 /* XCRemoteSwiftPackageReference "vkid-ios-sdk" */;
			productName = VKIDCore;
		};
		C379F8042C19FA530016E690 /* SerializedSwift */ = {
			isa = XCSwiftPackageProductDependency;
			package = C379F8032C19FA530016E690 /* XCRemoteSwiftPackageReference "SerializedSwift" */;
			productName = SerializedSwift;
		};
/* End XCSwiftPackageProductDependency section */
	};
	rootObject = C379F76E2C12452C0016E690 /* Project object */;
}
